
Microsoft Visual Studio Solution File, Format Version 12.00
# Visual Studio Version 17
VisualStudioVersion = 17.7.34024.191
MinimumVisualStudioVersion = 10.0.40219.1
Project("{FAE04EC0-301F-11D3-BF4B-00C04F79EFBC}") = "sqlapp", "sqlapp\sqlapp.csproj", "{A76C4699-4D1B-41E8-8114-E8F1DB483103}"
EndProject
Global
	GlobalSection(SolutionConfigurationPlatforms) = preSolution
		Debug|Any CPU = Debug|Any CPU
		Release|Any CPU = Release|Any CPU
	EndGlobalSection
	GlobalSection(ProjectConfigurationPlatforms) = postSolution
		{A76C4699-4D1B-41E8-8114-E8F1DB483103}.Debug|Any CPU.ActiveCfg = Debug|Any CPU
		{A76C4699-4D1B-41E8-8114-E8F1DB483103}.Debug|Any CPU.Build.0 = Debug|Any CPU
		{A76C4699-4D1B-41E8-8114-E8F1DB483103}.Release|Any CPU.ActiveCfg = Release|Any CPU
		{A76C4699-4D1B-41E8-8114-E8F1DB483103}.Release|Any CPU.Build.0 = Release|Any CPU
	EndGlobalSection
	GlobalSection(SolutionProperties) = preSolution
		HideSolutionNode = FALSE
	EndGlobalSection
	GlobalSection(ExtensibilityGlobals) = postSolution
		SolutionGuid = {73A00843-0833-43D9-90D0-BB726AFCE167}
	EndGlobalSection
EndGlobal
